# This is a Gradle generated file for dependency locking.
# Manual edits can break the build and are not advised.
# This file is expected to be part of source control.
com.fasterxml.jackson.core:jackson-annotations:2.11.2
com.fasterxml.jackson.core:jackson-core:2.11.2
com.fasterxml.jackson.core:jackson-databind:2.11.2
com.fasterxml.jackson.dataformat:jackson-dataformat-xml:2.11.2
com.fasterxml.jackson.datatype:jackson-datatype-joda:2.11.2
com.fasterxml.jackson.module:jackson-module-jaxb-annotations:2.11.2
com.fasterxml.woodstox:woodstox-core:6.2.1
commons-codec:commons-codec:1.11
commons-logging:commons-logging:1.2
io.github.primenumber-dev:pardot-api-client:3.2.0-0.0.10
jakarta.activation:jakarta.activation-api:1.2.1
jakarta.xml.bind:jakarta.xml.bind-api:2.3.2
joda-time:joda-time:2.9.9
org.apache.httpcomponents:httpclient:4.5.13
org.apache.httpcomponents:httpcore:4.4.13
org.codehaus.woodstox:stax2-api:4.2.1
org.slf4j:slf4j-api:1.7.30
